PODS:
  - RAMAnimatedTabBarController (1.5.3)
  - RazzleDazzle (0.1.3)
  - Spring (1.0.3)

DEPENDENCIES:
  - RAMAnimatedTabBarController
  - RazzleDazzle
  - Spring (from `https://github.com/MengTo/Spring.git`, branch `swift2`)

EXTERNAL SOURCES:
  Spring:
    :branch: swift2
    :git: https://github.com/MengTo/Spring.git

CHECKOUT OPTIONS:
  Spring:
    :commit: 18d5c7b74489de8044e34767f856d1e574f0820e
    :git: https://github.com/MengTo/Spring.git

SPEC CHECKSUMS:
  RAMAnimatedTabBarController: 04b624cf8958a0032bf7fa9c0f2c515f59d30b9c
  RazzleDazzle: bf883fdb5611435c82cb25c2e3451229a84e27d7
  Spring: 3f02b5dc3308572ef177b3cad0fa7bbc4b0706f7

COCOAPODS: 0.39.0
